
Microsoft Visual Studio Solution File, Format Version 12.00
# Visual Studio Version 16
VisualStudioVersion = 16.0.31105.61
MinimumVisualStudioVersion = 10.0.40219.1
Project("{FAE04EC0-301F-11D3-BF4B-00C04F79EFBC}") = "phy_exp_api", "phy_exp_api\phy_exp_api.csproj", "{0EBA79B3-7FDE-4066-92DB-EE64870AB75E}"
EndProject
Global
	GlobalSection(SolutionConfigurationPlatforms) = preSolution
		Debug|Any CPU = Debug|Any CPU
		Release|Any CPU = Release|Any CPU
	EndGlobalSection
	GlobalSection(ProjectConfigurationPlatforms) = postSolution
		{0EBA79B3-7FDE-4066-92DB-EE64870AB75E}.Debug|Any CPU.ActiveCfg = Debug|Any CPU
		{0EBA79B3-7FDE-4066-92DB-EE64870AB75E}.Debug|Any CPU.Build.0 = Debug|Any CPU
		{0EBA79B3-7FDE-4066-92DB-EE64870AB75E}.Release|Any CPU.ActiveCfg = Release|Any CPU
		{0EBA79B3-7FDE-4066-92DB-EE64870AB75E}.Release|Any CPU.Build.0 = Release|Any CPU
	EndGlobalSection
	GlobalSection(SolutionProperties) = preSolution
		HideSolutionNode = FALSE
	EndGlobalSection
	GlobalSection(ExtensibilityGlobals) = postSolution
		SolutionGuid = {D20063DE-D612-4DE3-BECD-B9F7D0CF86B8}
	EndGlobalSection
EndGlobal
